
Microsoft Visual Studio Solution File, Format Version 12.00
# Visual Studio Version 16
VisualStudioVersion = 16.0.30011.22
MinimumVisualStudioVersion = 10.0.40219.1
Project("{2150E333-8FDC-42A3-9474-1A3956D46DE8}") = "src", "src", "{0A003964-77CA-4779-BD97-BADDD710A745}"
EndProject
Project("{2150E333-8FDC-42A3-9474-1A3956D46DE8}") = "Solution Items", "Solution Items", "{3EA980E1-D295-4E61-B2EE-29CFE1EDB2F1}"
	ProjectSection(SolutionItems) = preProject
		appveyor.yml = appveyor.yml
		src\Unosquare.PassCore.Web\ClientApp\package.json = src\Unosquare.PassCore.Web\ClientApp\package.json
		preview.png = preview.png
		README.md = README.md
		StyleCop.Analyzers.ruleset = StyleCop.Analyzers.ruleset
		src\Unosquare.PassCore.Web\ClientApp\tsconfig.json = src\Unosquare.PassCore.Web\ClientApp\tsconfig.json
		src\Unosquare.PassCore.Web\ClientApp\tslint.json = src\Unosquare.PassCore.Web\ClientApp\tslint.json
	EndProjectSection
EndProject
Project("{9A19103F-16F7-4668-BE54-9A1E7A4F7556}") = "Unosquare.PassCore.Web", "src\Unosquare.PassCore.Web\Unosquare.PassCore.Web.csproj", "{22E2F79B-7816-4FAB-894D-112759551796}"
EndProject
Project("{9A19103F-16F7-4668-BE54-9A1E7A4F7556}") = "PwnedPasswordsSearch", "src\PwnedPasswordsSearch\PwnedPasswordsSearch.csproj", "{E57BB014-B46C-4395-ACCF-A670F4ED109C}"
EndProject
Project("{9A19103F-16F7-4668-BE54-9A1E7A4F7556}") = "WebApiApp", "WebAppApi\WebApiApp.csproj", "{BD2B7A5D-8229-4FC2-B7B9-725FA83139C6}"
EndProject
Project("{9A19103F-16F7-4668-BE54-9A1E7A4F7556}") = "Unosquare.PassCore.PasswordProvider", "src\Unosquare.PassCore.PasswordProvider\Unosquare.PassCore.PasswordProvider.csproj", "{D790C30A-302A-43F2-A7ED-3D204796734B}"
EndProject
Project("{9A19103F-16F7-4668-BE54-9A1E7A4F7556}") = "Unosquare.PassCore.Common", "src\Unosquare.PassCore.Common\Unosquare.PassCore.Common.csproj", "{36118D4E-7C5C-4CBB-B193-2BF73A16D83C}"
EndProject
Project("{9A19103F-16F7-4668-BE54-9A1E7A4F7556}") = "Zyborg.PassCore.PasswordProvider.LDAP", "src\Zyborg.PassCore.PasswordProvider.LDAP\Zyborg.PassCore.PasswordProvider.LDAP.csproj", "{40B5F075-2529-47C8-A86F-FB4E05433642}"
EndProject
Project("{9A19103F-16F7-4668-BE54-9A1E7A4F7556}") = "Hpl.HrmDatabase", "src\Hpl.HrmDatabase\Hpl.HrmDatabase.csproj", "{A344AE81-F849-4329-AFEE-47218C85AC17}"
EndProject
Project("{9A19103F-16F7-4668-BE54-9A1E7A4F7556}") = "Hpl.SaleOnlineDatabase", "src\Hpl.SaleOnlineDatabase\Hpl.SaleOnlineDatabase.csproj", "{8FAEECCA-7B75-4D82-8F46-7811FEB63BD0}"
EndProject
Project("{9A19103F-16F7-4668-BE54-9A1E7A4F7556}") = "DependencyInjectionConsoleApp", "DependencyInjectionConsoleApp\DependencyInjectionConsoleApp.csproj", "{04070DD7-2DBC-4BF5-9D4B-72A0A0B3E658}"
EndProject
Project("{9A19103F-16F7-4668-BE54-9A1E7A4F7556}") = "HplAcm", "HplAcm\HplAcm.csproj", "{77A746D5-B188-47E2-B2A5-B0FA75A26A12}"
EndProject
Project("{9A19103F-16F7-4668-BE54-9A1E7A4F7556}") = "ThreadingTimer", "ThreadingTimer\ThreadingTimer.csproj", "{5DC61538-1878-42BE-B440-1444E9DF3EE4}"
EndProject
Project("{2150E333-8FDC-42A3-9474-1A3956D46DE8}") = "SampleCode", "SampleCode", "{5E39C07A-EFC1-41C1-B0A5-2ABDE957FC37}"
EndProject
Project("{9A19103F-16F7-4668-BE54-9A1E7A4F7556}") = "Hpl.Common", "Hpl.Common\Hpl.Common.csproj", "{90A67216-6A30-48CF-B91A-BB7015380213}"
EndProject
Project("{9A19103F-16F7-4668-BE54-9A1E7A4F7556}") = "SqlNotification", "src\SqlNotification\SqlNotification.csproj", "{A174E527-7DD6-4980-AE8C-8253CD124EF6}"
EndProject
Project("{9A19103F-16F7-4668-BE54-9A1E7A4F7556}") = "SyncOosToAd", "SyncOosToAd\SyncOosToAd.csproj", "{568F5BDC-8851-447F-BEED-ACED59E20015}"
EndProject
Project("{9A19103F-16F7-4668-BE54-9A1E7A4F7556}") = "Hpl.Common.Helper", "Hpl.Common.Helper\Hpl.Common.Helper.csproj", "{75247F20-DF88-459F-86BB-71415E8B659B}"
EndProject
Project("{9A19103F-16F7-4668-BE54-9A1E7A4F7556}") = "ReactAppDemo", "ReactAppDemo\ReactAppDemo.csproj", "{328A9690-1ADF-442A-93F8-F2AA38AD9062}"
EndProject
Project("{9A19103F-16F7-4668-BE54-9A1E7A4F7556}") = "Hpl.Acm.Web", "Hpl.Acm.Web\Hpl.Acm.Web.csproj", "{19C519B9-8A0A-49A5-9A26-C03047327D7C}"
EndProject
Project("{9A19103F-16F7-4668-BE54-9A1E7A4F7556}") = "Hpl.Acm", "Hpl.Acm\Hpl.Acm.csproj", "{6EACF5E5-B912-4FDF-AFF3-82D9F967F724}"
EndProject
Project("{FAE04EC0-301F-11D3-BF4B-00C04F79EFBC}") = "WebApiTokenAuthentication", "WEBAPITOKENAUTHENTICATION\WebApiTokenAuthentication.csproj", "{B7E1508F-6632-4B9F-967B-02984D457CAD}"
EndProject
Project("{FAE04EC0-301F-11D3-BF4B-00C04F79EFBC}") = "WebApiToken", "WebApiToken\WebApiToken.csproj", "{FF8EEF92-4886-439F-9A99-F7AC3FC60215}"
EndProject
Global
	GlobalSection(SolutionConfigurationPlatforms) = preSolution
		Debug|Any CPU = Debug|Any CPU
		Release|Any CPU = Release|Any CPU
	EndGlobalSection
	GlobalSection(ProjectConfigurationPlatforms) = postSolution
		{22E2F79B-7816-4FAB-894D-112759551796}.Debug|Any CPU.ActiveCfg = Debug|Any CPU
		{22E2F79B-7816-4FAB-894D-112759551796}.Debug|Any CPU.Build.0 = Debug|Any CPU
		{22E2F79B-7816-4FAB-894D-112759551796}.Release|Any CPU.ActiveCfg = Release|Any CPU
		{22E2F79B-7816-4FAB-894D-112759551796}.Release|Any CPU.Build.0 = Release|Any CPU
		{E57BB014-B46C-4395-ACCF-A670F4ED109C}.Debug|Any CPU.ActiveCfg = Debug|Any CPU
		{E57BB014-B46C-4395-ACCF-A670F4ED109C}.Debug|Any CPU.Build.0 = Debug|Any CPU
		{E57BB014-B46C-4395-ACCF-A670F4ED109C}.Release|Any CPU.ActiveCfg = Release|Any CPU
		{E57BB014-B46C-4395-ACCF-A670F4ED109C}.Release|Any CPU.Build.0 = Release|Any CPU
		{BD2B7A5D-8229-4FC2-B7B9-725FA83139C6}.Debug|Any CPU.ActiveCfg = Debug|Any CPU
		{BD2B7A5D-8229-4FC2-B7B9-725FA83139C6}.Debug|Any CPU.Build.0 = Debug|Any CPU
		{BD2B7A5D-8229-4FC2-B7B9-725FA83139C6}.Release|Any CPU.ActiveCfg = Release|Any CPU
		{BD2B7A5D-8229-4FC2-B7B9-725FA83139C6}.Release|Any CPU.Build.0 = Release|Any CPU
		{D790C30A-302A-43F2-A7ED-3D204796734B}.Debug|Any CPU.ActiveCfg = Debug|Any CPU
		{D790C30A-302A-43F2-A7ED-3D204796734B}.Debug|Any CPU.Build.0 = Debug|Any CPU
		{D790C30A-302A-43F2-A7ED-3D204796734B}.Release|Any CPU.ActiveCfg = Release|Any CPU
		{D790C30A-302A-43F2-A7ED-3D204796734B}.Release|Any CPU.Build.0 = Release|Any CPU
		{36118D4E-7C5C-4CBB-B193-2BF73A16D83C}.Debug|Any CPU.ActiveCfg = Debug|Any CPU
		{36118D4E-7C5C-4CBB-B193-2BF73A16D83C}.Debug|Any CPU.Build.0 = Debug|Any CPU
		{36118D4E-7C5C-4CBB-B193-2BF73A16D83C}.Release|Any CPU.ActiveCfg = Release|Any CPU
		{36118D4E-7C5C-4CBB-B193-2BF73A16D83C}.Release|Any CPU.Build.0 = Release|Any CPU
		{40B5F075-2529-47C8-A86F-FB4E05433642}.Debug|Any CPU.ActiveCfg = Debug|Any CPU
		{40B5F075-2529-47C8-A86F-FB4E05433642}.Debug|Any CPU.Build.0 = Debug|Any CPU
		{40B5F075-2529-47C8-A86F-FB4E05433642}.Release|Any CPU.ActiveCfg = Release|Any CPU
		{40B5F075-2529-47C8-A86F-FB4E05433642}.Release|Any CPU.Build.0 = Release|Any CPU
		{A344AE81-F849-4329-AFEE-47218C85AC17}.Debug|Any CPU.ActiveCfg = Debug|Any CPU
		{A344AE81-F849-4329-AFEE-47218C85AC17}.Debug|Any CPU.Build.0 = Debug|Any CPU
		{A344AE81-F849-4329-AFEE-47218C85AC17}.Release|Any CPU.ActiveCfg = Release|Any CPU
		{A344AE81-F849-4329-AFEE-47218C85AC17}.Release|Any CPU.Build.0 = Release|Any CPU
		{8FAEECCA-7B75-4D82-8F46-7811FEB63BD0}.Debug|Any CPU.ActiveCfg = Debug|Any CPU
		{8FAEECCA-7B75-4D82-8F46-7811FEB63BD0}.Debug|Any CPU.Build.0 = Debug|Any CPU
		{8FAEECCA-7B75-4D82-8F46-7811FEB63BD0}.Release|Any CPU.ActiveCfg = Release|Any CPU
		{8FAEECCA-7B75-4D82-8F46-7811FEB63BD0}.Release|Any CPU.Build.0 = Release|Any CPU
		{04070DD7-2DBC-4BF5-9D4B-72A0A0B3E658}.Debug|Any CPU.ActiveCfg = Debug|Any CPU
		{04070DD7-2DBC-4BF5-9D4B-72A0A0B3E658}.Debug|Any CPU.Build.0 = Debug|Any CPU
		{04070DD7-2DBC-4BF5-9D4B-72A0A0B3E658}.Release|Any CPU.ActiveCfg = Release|Any CPU
		{04070DD7-2DBC-4BF5-9D4B-72A0A0B3E658}.Release|Any CPU.Build.0 = Release|Any CPU
		{77A746D5-B188-47E2-B2A5-B0FA75A26A12}.Debug|Any CPU.ActiveCfg = Debug|Any CPU
		{77A746D5-B188-47E2-B2A5-B0FA75A26A12}.Debug|Any CPU.Build.0 = Debug|Any CPU
		{77A746D5-B188-47E2-B2A5-B0FA75A26A12}.Release|Any CPU.ActiveCfg = Release|Any CPU
		{77A746D5-B188-47E2-B2A5-B0FA75A26A12}.Release|Any CPU.Build.0 = Release|Any CPU
		{5DC61538-1878-42BE-B440-1444E9DF3EE4}.Debug|Any CPU.ActiveCfg = Debug|Any CPU
		{5DC61538-1878-42BE-B440-1444E9DF3EE4}.Debug|Any CPU.Build.0 = Debug|Any CPU
		{5DC61538-1878-42BE-B440-1444E9DF3EE4}.Release|Any CPU.ActiveCfg = Release|Any CPU
		{5DC61538-1878-42BE-B440-1444E9DF3EE4}.Release|Any CPU.Build.0 = Release|Any CPU
		{90A67216-6A30-48CF-B91A-BB7015380213}.Debug|Any CPU.ActiveCfg = Debug|Any CPU
		{90A67216-6A30-48CF-B91A-BB7015380213}.Debug|Any CPU.Build.0 = Debug|Any CPU
		{90A67216-6A30-48CF-B91A-BB7015380213}.Release|Any CPU.ActiveCfg = Release|Any CPU
		{90A67216-6A30-48CF-B91A-BB7015380213}.Release|Any CPU.Build.0 = Release|Any CPU
		{A174E527-7DD6-4980-AE8C-8253CD124EF6}.Debug|Any CPU.ActiveCfg = Debug|Any CPU
		{A174E527-7DD6-4980-AE8C-8253CD124EF6}.Debug|Any CPU.Build.0 = Debug|Any CPU
		{A174E527-7DD6-4980-AE8C-8253CD124EF6}.Release|Any CPU.ActiveCfg = Release|Any CPU
		{A174E527-7DD6-4980-AE8C-8253CD124EF6}.Release|Any CPU.Build.0 = Release|Any CPU
		{568F5BDC-8851-447F-BEED-ACED59E20015}.Debug|Any CPU.ActiveCfg = Debug|Any CPU
		{568F5BDC-8851-447F-BEED-ACED59E20015}.Debug|Any CPU.Build.0 = Debug|Any CPU
		{568F5BDC-8851-447F-BEED-ACED59E20015}.Release|Any CPU.ActiveCfg = Release|Any CPU
		{568F5BDC-8851-447F-BEED-ACED59E20015}.Release|Any CPU.Build.0 = Release|Any CPU
		{75247F20-DF88-459F-86BB-71415E8B659B}.Debug|Any CPU.ActiveCfg = Debug|Any CPU
		{75247F20-DF88-459F-86BB-71415E8B659B}.Debug|Any CPU.Build.0 = Debug|Any CPU
		{75247F20-DF88-459F-86BB-71415E8B659B}.Release|Any CPU.ActiveCfg = Release|Any CPU
		{75247F20-DF88-459F-86BB-71415E8B659B}.Release|Any CPU.Build.0 = Release|Any CPU
		{328A9690-1ADF-442A-93F8-F2AA38AD9062}.Debug|Any CPU.ActiveCfg = Debug|Any CPU
		{328A9690-1ADF-442A-93F8-F2AA38AD9062}.Debug|Any CPU.Build.0 = Debug|Any CPU
		{328A9690-1ADF-442A-93F8-F2AA38AD9062}.Release|Any CPU.ActiveCfg = Release|Any CPU
		{328A9690-1ADF-442A-93F8-F2AA38AD9062}.Release|Any CPU.Build.0 = Release|Any CPU
		{19C519B9-8A0A-49A5-9A26-C03047327D7C}.Debug|Any CPU.ActiveCfg = Debug|Any CPU
		{19C519B9-8A0A-49A5-9A26-C03047327D7C}.Debug|Any CPU.Build.0 = Debug|Any CPU
		{19C519B9-8A0A-49A5-9A26-C03047327D7C}.Release|Any CPU.ActiveCfg = Release|Any CPU
		{19C519B9-8A0A-49A5-9A26-C03047327D7C}.Release|Any CPU.Build.0 = Release|Any CPU
		{6EACF5E5-B912-4FDF-AFF3-82D9F967F724}.Debug|Any CPU.ActiveCfg = Debug|Any CPU
		{6EACF5E5-B912-4FDF-AFF3-82D9F967F724}.Debug|Any CPU.Build.0 = Debug|Any CPU
		{6EACF5E5-B912-4FDF-AFF3-82D9F967F724}.Release|Any CPU.ActiveCfg = Release|Any CPU
		{6EACF5E5-B912-4FDF-AFF3-82D9F967F724}.Release|Any CPU.Build.0 = Release|Any CPU
		{B7E1508F-6632-4B9F-967B-02984D457CAD}.Debug|Any CPU.ActiveCfg = Debug|Any CPU
		{B7E1508F-6632-4B9F-967B-02984D457CAD}.Debug|Any CPU.Build.0 = Debug|Any CPU
		{B7E1508F-6632-4B9F-967B-02984D457CAD}.Release|Any CPU.ActiveCfg = Release|Any CPU
		{B7E1508F-6632-4B9F-967B-02984D457CAD}.Release|Any CPU.Build.0 = Release|Any CPU
		{FF8EEF92-4886-439F-9A99-F7AC3FC60215}.Debug|Any CPU.ActiveCfg = Debug|Any CPU
		{FF8EEF92-4886-439F-9A99-F7AC3FC60215}.Debug|Any CPU.Build.0 = Debug|Any CPU
		{FF8EEF92-4886-439F-9A99-F7AC3FC60215}.Release|Any CPU.ActiveCfg = Release|Any CPU
		{FF8EEF92-4886-439F-9A99-F7AC3FC60215}.Release|Any CPU.Build.0 = Release|Any CPU
	EndGlobalSection
	GlobalSection(SolutionProperties) = preSolution
		HideSolutionNode = FALSE
	EndGlobalSection
	GlobalSection(NestedProjects) = preSolution
		{22E2F79B-7816-4FAB-894D-112759551796} = {0A003964-77CA-4779-BD97-BADDD710A745}
		{E57BB014-B46C-4395-ACCF-A670F4ED109C} = {0A003964-77CA-4779-BD97-BADDD710A745}
		{BD2B7A5D-8229-4FC2-B7B9-725FA83139C6} = {5E39C07A-EFC1-41C1-B0A5-2ABDE957FC37}
		{D790C30A-302A-43F2-A7ED-3D204796734B} = {0A003964-77CA-4779-BD97-BADDD710A745}
		{36118D4E-7C5C-4CBB-B193-2BF73A16D83C} = {0A003964-77CA-4779-BD97-BADDD710A745}
		{40B5F075-2529-47C8-A86F-FB4E05433642} = {0A003964-77CA-4779-BD97-BADDD710A745}
		{04070DD7-2DBC-4BF5-9D4B-72A0A0B3E658} = {5E39C07A-EFC1-41C1-B0A5-2ABDE957FC37}
		{77A746D5-B188-47E2-B2A5-B0FA75A26A12} = {5E39C07A-EFC1-41C1-B0A5-2ABDE957FC37}
		{5DC61538-1878-42BE-B440-1444E9DF3EE4} = {5E39C07A-EFC1-41C1-B0A5-2ABDE957FC37}
		{B7E1508F-6632-4B9F-967B-02984D457CAD} = {5E39C07A-EFC1-41C1-B0A5-2ABDE957FC37}
	EndGlobalSection
	GlobalSection(ExtensibilityGlobals) = postSolution
		SolutionGuid = {30FE6198-367B-44D3-97CC-50927E101F3E}
	EndGlobalSection
EndGlobal
